// !$*UTF8*$!
{
	archiveVersion = 1;
	classes = {
	};
	objectVersion = 48;
	objects = {

/* Begin PBXBuildFile section */
		085BF9992004FCF7008F3460 /* AppDelegate.swift in Sources */ = {isa = PBXBuildFile; fileRef = 085BF9982004FCF7008F3460 /* AppDelegate.swift */; };
		085BF99B2004FCF7008F3460 /* ViewController.swift in Sources */ = {isa = PBXBuildFile; fileRef = 085BF99A2004FCF7008F3460 /* ViewController.swift */; };
		085BF99E2004FCF7008F3460 /* Main.storyboard in Resources */ = {isa = PBXBuildFile; fileRef = 085BF99C2004FCF7008F3460 /* Main.storyboard */; };
		085BF9A02004FCF7008F3460 /* Assets.xcassets in Resources */ = {isa = PBXBuildFile; fileRef = 085BF99F2004FCF7008F3460 /* Assets.xcassets */; };
		085BF9A32004FCF7008F3460 /* LaunchScreen.storyboard in Resources */ = {isa = PBXBuildFile; fileRef = 085BF9A12004FCF7008F3460 /* LaunchScreen.storyboard */; };
		085BF9AE2004FCF7008F3460 /* GunARTests.swift in Sources */ = {isa = PBXBuildFile; fileRef = 085BF9AD2004FCF7008F3460 /* GunARTests.swift */; };
/* End PBXBuildFile section */

/* Begin PBXContainerItemProxy section */
		085BF9AA2004FCF7008F3460 /* PBXContainerItemProxy */ = {
			isa = PBXContainerItemProxy;
			containerPortal = 085BF98D2004FCF7008F3460 /* Project object */;
			proxyType = 1;
			remoteGlobalIDString = 085BF9942004FCF7008F3460;
			remoteInfo = GunAR;
		};
/* End PBXContainerItemProxy section */

/* Begin PBXFileReference section */
		085BF9952004FCF7008F3460 /* GunAR.app */ = {isa = PBXFileReference; explicitFileType = wrapper.application; includeInIndex = 0; path = GunAR.app; sourceTree = BUILT_PRODUCTS_DIR; };
		085BF9982004FCF7008F3460 /* AppDelegate.swift */ = {isa = PBXFileReference; lastKnownFileType = sourcecode.swift; path = AppDelegate.swift; sourceTree = "<group>"; };
		085BF99A2004FCF7008F3460 /* ViewController.swift */ = {isa = PBXFileReference; lastKnownFileType = sourcecode.swift; path = ViewController.swift; sourceTree = "<group>"; };
		085BF99D2004FCF7008F3460 /* Base */ = {isa = PBXFileReference; lastKnownFileType = file.storyboard; name = Base; path = Base.lproj/Main.storyboard; sourceTree = "<group>"; };
		085BF99F2004FCF7008F3460 /* Assets.xcassets */ = {isa = PBXFileReference; lastKnownFileType = folder.assetcatalog; path = Assets.xcassets; sourceTree = "<group>"; };
		085BF9A22004FCF7008F3460 /* Base */ = {isa = PBXFileReference; lastKnownFileType = file.storyboard; name = Base; path = Base.lproj/LaunchScreen.storyboard; sourceTree = "<group>"; };
		085BF9A42004FCF7008F3460 /* Info.plist */ = {isa = PBXFileReference; lastKnownFileType = text.plist.xml; path = Info.plist; sourceTree = "<group>"; };
		085BF9A92004FCF7008F3460 /* GunARTests.xctest */ = {isa = PBXFileReference; explicitFileType = wrapper.cfbundle; includeInIndex = 0; path = GunARTests.xctest; sourceTree = BUILT_PRODUCTS_DIR; };
		085BF9AD2004FCF7008F3460 /* GunARTests.swift */ = {isa = PBXFileReference; lastKnownFileType = sourcecode.swift; path = GunARTests.swift; sourceTree = "<group>"; };
		085BF9AF2004FCF7008F3460 /* Info.plist */ = {isa = PBXFileReference; lastKnownFileType = text.plist.xml; path = Info.plist; sourceTree = "<group>"; };
/* End PBXFileReference section */

/* Begin PBXFrameworksBuildPhase section */
		085BF9922004FCF7008F3460 /* Frameworks */ = {
			isa = PBXFrameworksBuildPhase;
			buildActionMask = 2147483647;
			files = (
			);
			runOnlyForDeploymentPostprocessing = 0;
		};
		085BF9A62004FCF7008F3460 /* Frameworks */ = {
			isa = PBXFrameworksBuildPhase;
			buildActionMask = 2147483647;
			files = (
			);
			runOnlyForDeploymentPostprocessing = 0;
		};
/* End PBXFrameworksBuildPhase section */

/* Begin PBXGroup section */
		085BF98C2004FCF7008F3460 = {
			isa = PBXGroup;
			children = (
				085BF9972004FCF7008F3460 /* GunAR */,
				085BF9AC2004FCF7008F3460 /* GunARTests */,
				085BF9962004FCF7008F3460 /* Products */,
			);
			sourceTree = "<group>";
		};
		085BF9962004FCF7008F3460 /* Products */ = {
			isa = PBXGroup;
			children = (
				085BF9952004FCF7008F3460 /* GunAR.app */,
				085BF9A92004FCF7008F3460 /* GunARTests.xctest */,
			);
			name = Products;
			sourceTree = "<group>";
		};
		085BF9972004FCF7008F3460 /* GunAR */ = {
			isa = PBXGroup;
			children = (
				085BF9982004FCF7008F3460 /* AppDelegate.swift */,
				085BF99A2004FCF7008F3460 /* ViewController.swift */,
				085BF99C2004FCF7008F3460 /* Main.storyboard */,
				085BF99F2004FCF7008F3460 /* Assets.xcassets */,
				085BF9A12004FCF7008F3460 /* LaunchScreen.storyboard */,
				085BF9A42004FCF7008F3460 /* Info.plist */,
			);
			path = GunAR;
			sourceTree = "<group>";
		};
		085BF9AC2004FCF7008F3460 /* GunARTests */ = {
			isa = PBXGroup;
			children = (
				085BF9AD2004FCF7008F3460 /* GunARTests.swift */,
				085BF9AF2004FCF7008F3460 /* Info.plist */,
			);
			path = GunARTests;
			sourceTree = "<group>";
		};
/* End PBXGroup section */

/* Begin PBXNativeTarget section */
		085BF9942004FCF7008F3460 /* GunAR */ = {
			isa = PBXNativeTarget;
			buildConfigurationList = 085BF9B22004FCF7008F3460 /* Build configuration list for PBXNativeTarget "GunAR" */;
			buildPhases = (
				085BF9912004FCF7008F3460 /* Sources */,
				085BF9922004FCF7008F3460 /* Frameworks */,
				085BF9932004FCF7008F3460 /* Resources */,
			);
			buildRules = (
			);
			dependencies = (
			);
			name = GunAR;
			productName = GunAR;
			productReference = 085BF9952004FCF7008F3460 /* GunAR.app */;
			productType = "com.apple.product-type.application";
		};
		085BF9A82004FCF7008F3460 /* GunARTests */ = {
			isa = PBXNativeTarget;
			buildConfigurationList = 085BF9B52004FCF7008F3460 /* Build configuration list for PBXNativeTarget "GunARTests" */;
			buildPhases = (
				085BF9A52004FCF7008F3460 /* Sources */,
				085BF9A62004FCF7008F3460 /* Frameworks */,
				085BF9A72004FCF7008F3460 /* Resources */,
			);
			buildRules = (
			);
			dependencies = (
				085BF9AB2004FCF7008F3460 /* PBXTargetDependency */,
			);
			name = GunARTests;
			productName = GunARTests;
			productReference = 085BF9A92004FCF7008F3460 /* GunARTests.xctest */;
			productType = "com.apple.product-type.bundle.unit-test";
		};
/* End PBXNativeTarget section */

/* Begin PBXProject section */
		085BF98D2004FCF7008F3460 /* Project object */ = {
			isa = PBXProject;
			attributes = {
				LastSwiftUpdateCheck = 0920;
				LastUpgradeCheck = 0920;
				ORGANIZATIONNAME = "Tanishq Kancharla";
				TargetAttributes = {
					085BF9942004FCF7008F3460 = {
						CreatedOnToolsVersion = 9.2;
						ProvisioningStyle = Automatic;
					};
					085BF9A82004FCF7008F3460 = {
						CreatedOnToolsVersion = 9.2;
						ProvisioningStyle = Automatic;
						TestTargetID = 085BF9942004FCF7008F3460;
					};
				};
			};
			buildConfigurationList = 085BF9902004FCF7008F3460 /* Build configuration list for PBXProject "GunAR" */;
			compatibilityVersion = "Xcode 8.0";
			developmentRegion = en;
			hasScannedForEncodings = 0;
			knownRegions = (
				en,
				Base,
			);
			mainGroup = 085BF98C2004FCF7008F3460;
			productRefGroup = 085BF9962004FCF7008F3460 /* Products */;
			projectDirPath = "";
			projectRoot = "";
			targets = (
				085BF9942004FCF7008F3460 /* GunAR */,
				085BF9A82004FCF7008F3460 /* GunARTests */,
			);
		};
/* End PBXProject section */

/* Begin PBXResourcesBuildPhase section */
		085BF9932004FCF7008F3460 /* Resources */ = {
			isa = PBXResourcesBuildPhase;
			buildActionMask = 2147483647;
			files = (
				085BF9A32004FCF7008F3460 /* LaunchScreen.storyboard in Resources */,
				085BF9A02004FCF7008F3460 /* Assets.xcassets in Resources */,
				085BF99E2004FCF7008F3460 /* Main.storyboard in Resources */,
			);
			runOnlyForDeploymentPostprocessing = 0;
		};
		085BF9A72004FCF7008F3460 /* Resources */ = {
			isa = PBXResourcesBuildPhase;
			buildActionMask = 2147483647;
			files = (
			);
			runOnlyForDeploymentPostprocessing = 0;
		};
/* End PBXResourcesBuildPhase section */

/* Begin PBXSourcesBuildPhase section */
		085BF9912004FCF7008F3460 /* Sources */ = {
			isa = PBXSourcesBuildPhase;
			buildActionMask = 2147483647;
			files = (
				085BF99B2004FCF7008F3460 /* ViewController.swift in Sources */,
				085BF9992004FCF7008F3460 /* AppDelegate.swift in Sources */,
			);
			runOnlyForDeploymentPostprocessing = 0;
		};
		085BF9A52004FCF7008F3460 /* Sources */ = {
			isa = PBXSourcesBuildPhase;
			buildActionMask = 2147483647;
			files = (
				085BF9AE2004FCF7008F3460 /* GunARTests.swift in Sources */,
			);
			runOnlyForDeploymentPostprocessing = 0;
		};
/* End PBXSourcesBuildPhase section */

/* Begin PBXTargetDependency section */
		085BF9AB2004FCF7008F3460 /* PBXTargetDependency */ = {
			isa = PBXTargetDependency;
			target = 085BF9942004FCF7008F3460 /* GunAR */;
			targetProxy = 085BF9AA2004FCF7008F3460 /* PBXContainerItemProxy */;
		};
/* End PBXTargetDependency section */

/* Begin PBXVariantGroup section */
		085BF99C2004FCF7008F3460 /* Main.storyboard */ = {
			isa = PBXVariantGroup;
			children = (
				085BF99D2004FCF7008F3460 /* Base */,
			);
			name = Main.storyboard;
			sourceTree = "<group>";
		};
		085BF9A12004FCF7008F3460 /* LaunchScreen.storyboard */ = {
			isa = PBXVariantGroup;
			children = (
				085BF9A22004FCF7008F3460 /* Base */,
			);
			name = LaunchScreen.storyboard;
			sourceTree = "<group>";
		};
/* End PBXVariantGroup section */

/* Begin XCBuildConfiguration section */
		085BF9B02004FCF7008F3460 /* Debug */ = {
			isa = XCBuildConfiguration;
			buildSettings = {
				ALWAYS_SEARCH_USER_PATHS = NO;
				CLANG_ANALYZER_NONNULL = YES;
				CLANG_ANALYZER_NUMBER_OBJECT_CONVERSION = YES_AGGRESSIVE;
				CLANG_CXX_LANGUAGE_STANDARD = "gnu++14";
				CLANG_CXX_LIBRARY = "libc++";
				CLANG_ENABLE_MODULES = YES;
				CLANG_ENABLE_OBJC_ARC = YES;
				CLANG_WARN_BLOCK_CAPTURE_AUTORELEASING = YES;
				CLANG_WARN_BOOL_CONVERSION = YES;
				CLANG_WARN_COMMA = YES;
				CLANG_WARN_CONSTANT_CONVERSION = YES;
				CLANG_WARN_DIRECT_OBJC_ISA_USAGE = YES_ERROR;
				CLANG_WARN_DOCUMENTATION_COMMENTS = YES;
				CLANG_WARN_EMPTY_BODY = YES;
				CLANG_WARN_ENUM_CONVERSION = YES;
				CLANG_WARN_INFINITE_RECURSION = YES;
				CLANG_WARN_INT_CONVERSION = YES;
				CLANG_WARN_NON_LITERAL_NULL_CONVERSION = YES;
				CLANG_WARN_OBJC_LITERAL_CONVERSION = YES;
				CLANG_WARN_OBJC_ROOT_CLASS = YES_ERROR;
				CLANG_WARN_RANGE_LOOP_ANALYSIS = YES;
				CLANG_WARN_STRICT_PROTOTYPES = YES;
				CLANG_WARN_SUSPICIOUS_MOVE = YES;
				CLANG_WARN_UNGUARDED_AVAILABILITY = YES_AGGRESSIVE;
				CLANG_WARN_UNREACHABLE_CODE = YES;
				CLANG_WARN__DUPLICATE_METHOD_MATCH = YES;
				CODE_SIGN_IDENTITY = "iPhone Developer";
				COPY_PHASE_STRIP = NO;
				DEBUG_INFORMATION_FORMAT = dwarf;
				ENABLE_STRICT_OBJC_MSGSEND = YES;
				ENABLE_TESTABILITY = YES;
				GCC_C_LANGUAGE_STANDARD = gnu11;
				GCC_DYNAMIC_NO_PIC = NO;
				GCC_NO_COMMON_BLOCKS = YES;
				GCC_OPTIMIZATION_LEVEL = 0;
				GCC_PREPROCESSOR_DEFINITIONS = (
					"DEBUG=1",
					"$(inherited)",
				);
				GCC_WARN_64_TO_32_BIT_CONVERSION = YES;
				GCC_WARN_ABOUT_RETURN_TYPE = YES_ERROR;
				GCC_WARN_UNDECLARED_SELECTOR = YES;
				GCC_WARN_UNINITIALIZED_AUTOS = YES_AGGRESSIVE;
				GCC_WARN_UNUSED_FUNCTION = YES;
				GCC_WARN_UNUSED_VARIABLE = YES;
				IPHONEOS_DEPLOYMENT_TARGET = 11.2;
				MTL_ENABLE_DEBUG_INFO = YES;
				ONLY_ACTIVE_ARCH = YES;
				SDKROOT = iphoneos;
				SWIFT_ACTIVE_COMPILATION_CONDITIONS = DEBUG;
				SWIFT_OPTIMIZATION_LEVEL = "-Onone";
			};
			name = Debug;
		};
		085BF9B12004FCF7008F3460 /* Release */ = {
			isa = XCBuildConfiguration;
			buildSettings = {
				ALWAYS_SEARCH_USER_PATHS = NO;
				CLANG_ANALYZER_NONNULL = YES;
				CLANG_ANALYZER_NUMBER_OBJECT_CONVERSION = YES_AGGRESSIVE;
				CLANG_CXX_LANGUAGE_STANDARD = "gnu++14";
				CLANG_CXX_LIBRARY = "libc++";
				CLANG_ENABLE_MODULES = YES;
				CLANG_ENABLE_OBJC_ARC = YES;
				CLANG_WARN_BLOCK_CAPTURE_AUTORELEASING = YES;
				CLANG_WARN_BOOL_CONVERSION = YES;
				CLANG_WARN_COMMA = YES;
				CLANG_WARN_CONSTANT_CONVERSION = YES;
				CLANG_WARN_DIRECT_OBJC_ISA_USAGE = YES_ERROR;
				CLANG_WARN_DOCUMENTATION_COMMENTS = YES;
				CLANG_WARN_EMPTY_BODY = YES;
				CLANG_WARN_ENUM_CONVERSION = YES;
				CLANG_WARN_INFINITE_RECURSION = YES;
				CLANG_WARN_INT_CONVERSION = YES;
				CLANG_WARN_NON_LITERAL_NULL_CONVERSION = YES;
				CLANG_WARN_OBJC_LITERAL_CONVERSION = YES;
				CLANG_WARN_OBJC_ROOT_CLASS = YES_ERROR;
				CLANG_WARN_RANGE_LOOP_ANALYSIS = YES;
				CLANG_WARN_STRICT_PROTOTYPES = YES;
				CLANG_WARN_SUSPICIOUS_MOVE = YES;
				CLANG_WARN_UNGUARDED_AVAILABILITY = YES_AGGRESSIVE;
				CLANG_WARN_UNREACHABLE_CODE = YES;
				CLANG_WARN__DUPLICATE_METHOD_MATCH = YES;
				CODE_SIGN_IDENTITY = "iPhone Developer";
				COPY_PHASE_STRIP = NO;
				DEBUG_INFORMATION_FORMAT = "dwarf-with-dsym";
				ENABLE_NS_ASSERTIONS = NO;
				ENABLE_STRICT_OBJC_MSGSEND = YES;
				GCC_C_LANGUAGE_STANDARD = gnu11;
				GCC_NO_COMMON_BLOCKS = YES;
				GCC_WARN_64_TO_32_BIT_CONVERSION = YES;
				GCC_WARN_ABOUT_RETURN_TYPE = YES_ERROR;
				GCC_WARN_UNDECLARED_SELECTOR = YES;
				GCC_WARN_UNINITIALIZED_AUTOS = YES_AGGRESSIVE;
				GCC_WARN_UNUSED_FUNCTION = YES;
				GCC_WARN_UNUSED_VARIABLE = YES;
				IPHONEOS_DEPLOYMENT_TARGET = 11.2;
				MTL_ENABLE_DEBUG_INFO = NO;
				SDKROOT = iphoneos;
				SWIFT_OPTIMIZATION_LEVEL = "-Owholemodule";
				VALIDATE_PRODUCT = YES;
			};
			name = Release;
		};
		085BF9B32004FCF7008F3460 /* Debug */ = {
			isa = XCBuildConfiguration;
			buildSettings = {
				ASSETCATALOG_COMPILER_APPICON_NAME = AppIcon;
				CODE_SIGN_STYLE = Automatic;
				DEVELOPMENT_TEAM = S2ZR72G4R4;
				INFOPLIST_FILE = GunAR/Info.plist;
				LD_RUNPATH_SEARCH_PATHS = "$(inherited) @executable_path/Frameworks";
				PRODUCT_BUNDLE_IDENTIFIER = com.TK.GunAR;
				PRODUCT_NAME = "$(TARGET_NAME)";
				SWIFT_VERSION = 4.0;
				TARGETED_DEVICE_FAMILY = "1,2";
			};
			name = Debug;
		};
		085BF9B42004FCF7008F3460 /* Release */ = {
			isa = XCBuildConfiguration;
			buildSettings = {
				ASSETCATALOG_COMPILER_APPICON_NAME = AppIcon;
				CODE_SIGN_STYLE = Automatic;
				DEVELOPMENT_TEAM = S2ZR72G4R4;
				INFOPLIST_FILE = GunAR/Info.plist;
				LD_RUNPATH_SEARCH_PATHS = "$(inherited) @executable_path/Frameworks";
				PRODUCT_BUNDLE_IDENTIFIER = com.TK.GunAR;
				PRODUCT_NAME = "$(TARGET_NAME)";
				SWIFT_VERSION = 4.0;
				TARGETED_DEVICE_FAMILY = "1,2";
			};
			name = Release;
		};
		085BF9B62004FCF7008F3460 /* Debug */ = {
			isa = XCBuildConfiguration;
			buildSettings = {
				ALWAYS_EMBED_SWIFT_STANDARD_LIBRARIES = YES;
				BUNDLE_LOADER = "$(TEST_HOST)";
				CODE_SIGN_STYLE = Automatic;
				DEVELOPMENT_TEAM = S2ZR72G4R4;
				INFOPLIST_FILE = GunARTests/Info.plist;
				LD_RUNPATH_SEARCH_PATHS = "$(inherited) @executable_path/Frameworks @loader_path/Frameworks";
				PRODUCT_BUNDLE_IDENTIFIER = com.TK.GunARTests;
				PRODUCT_NAME = "$(TARGET_NAME)";
				SWIFT_VERSION = 4.0;
				TARGETED_DEVICE_FAMILY = "1,2";
				TEST_HOST = "$(BUILT_PRODUCTS_DIR)/GunAR.app/GunAR";
			};
			name = Debug;
		};
		085BF9B72004FCF7008F3460 /* Release */ = {
			isa = XCBuildConfiguration;
			buildSettings = {
				ALWAYS_EMBED_SWIFT_STANDARD_LIBRARIES = YES;
				BUNDLE_LOADER = "$(TEST_HOST)";
				CODE_SIGN_STYLE = Automatic;
				DEVELOPMENT_TEAM = S2ZR72G4R4;
				INFOPLIST_FILE = GunARTests/Info.plist;
				LD_RUNPATH_SEARCH_PATHS = "$(inherited) @executable_path/Frameworks @loader_path/Frameworks";
				PRODUCT_BUNDLE_IDENTIFIER = com.TK.GunARTests;
				PRODUCT_NAME = "$(TARGET_NAME)";
				SWIFT_VERSION = 4.0;
				TARGETED_DEVICE_FAMILY = "1,2";
				TEST_HOST = "$(BUILT_PRODUCTS_DIR)/GunAR.app/GunAR";
			};
			name = Release;
		};
/* End XCBuildConfiguration section */

/* Begin XCConfigurationList section */
		085BF9902004FCF7008F3460 /* Build configuration list for PBXProject "GunAR" */ = {
			isa = XCConfigurationList;
			buildConfigurations = (
				085BF9B02004FCF7008F3460 /* Debug */,
				085BF9B12004FCF7008F3460 /* Release */,
			);
			defaultConfigurationIsVisible = 0;
			defaultConfigurationName = Release;
		};
		085BF9B22004FCF7008F3460 /* Build configuration list for PBXNativeTarget "GunAR" */ = {
			isa = XCConfigurationList;
			buildConfigurations = (
				085BF9B32004FCF7008F3460 /* Debug */,
				085BF9B42004FCF7008F3460 /* Release */,
			);
			defaultConfigurationIsVisible = 0;
			defaultConfigurationName = Release;
		};
		085BF9B52004FCF7008F3460 /* Build configuration list for PBXNativeTarget "GunARTests" */ = {
			isa = XCConfigurationList;
			buildConfigurations = (
				085BF9B62004FCF7008F3460 /* Debug */,
				085BF9B72004FCF7008F3460 /* Release */,
			);
			defaultConfigurationIsVisible = 0;
			defaultConfigurationName = Release;
		};
/* End XCConfigurationList section */
	};
	rootObject = 085BF98D2004FCF7008F3460 /* Project object */;
}
