// !$*UTF8*$!
{
	archiveVersion = 1;
	classes = {
	};
	objectVersion = 48;
	objects = {

/* Begin PBXBuildFile section */
		081D9B7B2011B3B600639667 /* SinglePlayer.swift in Sources */ = {isa = PBXBuildFile; fileRef = 081D9B7A2011B3B600639667 /* SinglePlayer.swift */; };
		081D9B802011B54000639667 /* Classes in Resources */ = {isa = PBXBuildFile; fileRef = 081D9B7F2011B54000639667 /* Classes */; };
		081D9B8620126E4B00639667 /* GameHelper.swift in Sources */ = {isa = PBXBuildFile; fileRef = 081D9B8520126E4B00639667 /* GameHelper.swift */; };
		081D9B8820126F6000639667 /* Target.swift in Sources */ = {isa = PBXBuildFile; fileRef = 081D9B8720126F6000639667 /* Target.swift */; };
		081D9B8A20126F6200639667 /* Bullet.swift in Sources */ = {isa = PBXBuildFile; fileRef = 081D9B8920126F6200639667 /* Bullet.swift */; };
		085BF9992004FCF7008F3460 /* AppDelegate.swift in Sources */ = {isa = PBXBuildFile; fileRef = 085BF9982004FCF7008F3460 /* AppDelegate.swift */; };
		085BF99B2004FCF7008F3460 /* CameraSceneViewController.swift in Sources */ = {isa = PBXBuildFile; fileRef = 085BF99A2004FCF7008F3460 /* CameraSceneViewController.swift */; };
		085BF99E2004FCF7008F3460 /* Main.storyboard in Resources */ = {isa = PBXBuildFile; fileRef = 085BF99C2004FCF7008F3460 /* Main.storyboard */; };
		085BF9A02004FCF7008F3460 /* Assets.xcassets in Resources */ = {isa = PBXBuildFile; fileRef = 085BF99F2004FCF7008F3460 /* Assets.xcassets */; };
		085BF9A32004FCF7008F3460 /* LaunchScreen.storyboard in Resources */ = {isa = PBXBuildFile; fileRef = 085BF9A12004FCF7008F3460 /* LaunchScreen.storyboard */; };
		085BF9AE2004FCF7008F3460 /* GunARTests.swift in Sources */ = {isa = PBXBuildFile; fileRef = 085BF9AD2004FCF7008F3460 /* GunARTests.swift */; };
		085BF9B920053A3F008F3460 /* StartingViewController.swift in Sources */ = {isa = PBXBuildFile; fileRef = 085BF9B820053A3F008F3460 /* StartingViewController.swift */; };
		085BF9BD20086E33008F3460 /* PeripheralListViewController.swift in Sources */ = {isa = PBXBuildFile; fileRef = 085BF9BC20086E33008F3460 /* PeripheralListViewController.swift */; };
		08DA5C5C20093D21008332F0 /* PeripheralTableViewCell.swift in Sources */ = {isa = PBXBuildFile; fileRef = 08DA5C5B20093D21008332F0 /* PeripheralTableViewCell.swift */; };
		08DA5C8D201034EF008332F0 /* UIImageColors.swift in Sources */ = {isa = PBXBuildFile; fileRef = 08DA5C8C201034EF008332F0 /* UIImageColors.swift */; };
		08DA5C9220105628008332F0 /* ColorsList.swift in Sources */ = {isa = PBXBuildFile; fileRef = 08DA5C9120105628008332F0 /* ColorsList.swift */; };
/* End PBXBuildFile section */

/* Begin PBXContainerItemProxy section */
		085BF9AA2004FCF7008F3460 /* PBXContainerItemProxy */ = {
			isa = PBXContainerItemProxy;
			containerPortal = 085BF98D2004FCF7008F3460 /* Project object */;
			proxyType = 1;
			remoteGlobalIDString = 085BF9942004FCF7008F3460;
			remoteInfo = GunAR;
		};
/* End PBXContainerItemProxy section */

/* Begin PBXFileReference section */
		081D9B7A2011B3B600639667 /* SinglePlayer.swift */ = {isa = PBXFileReference; lastKnownFileType = sourcecode.swift; name = SinglePlayer.swift; path = /Users/Tanishq/Documents/College/Xcode/GunAR/GunAR/SinglePlayer.swift; sourceTree = "<absolute>"; };
		081D9B7F2011B54000639667 /* Classes */ = {isa = PBXFileReference; lastKnownFileType = folder; name = Classes; path = "GunAR-SinglePlayer/GunAR/GunAR/Classes"; sourceTree = SOURCE_ROOT; };
		081D9B8520126E4B00639667 /* GameHelper.swift */ = {isa = PBXFileReference; lastKnownFileType = sourcecode.swift; name = GameHelper.swift; path = /Users/Tanishq/Documents/College/Xcode/GunAR/GunAR/GameHelper.swift; sourceTree = "<absolute>"; };
		081D9B8720126F6000639667 /* Target.swift */ = {isa = PBXFileReference; lastKnownFileType = sourcecode.swift; path = Target.swift; sourceTree = "<group>"; };
		081D9B8920126F6200639667 /* Bullet.swift */ = {isa = PBXFileReference; lastKnownFileType = sourcecode.swift; path = Bullet.swift; sourceTree = "<group>"; };
		085BF9952004FCF7008F3460 /* GunAR.app */ = {isa = PBXFileReference; explicitFileType = wrapper.application; includeInIndex = 0; path = GunAR.app; sourceTree = BUILT_PRODUCTS_DIR; };
		085BF9982004FCF7008F3460 /* AppDelegate.swift */ = {isa = PBXFileReference; lastKnownFileType = sourcecode.swift; path = AppDelegate.swift; sourceTree = "<group>"; };
		085BF99A2004FCF7008F3460 /* CameraSceneViewController.swift */ = {isa = PBXFileReference; lastKnownFileType = sourcecode.swift; path = CameraSceneViewController.swift; sourceTree = "<group>"; };
		085BF99D2004FCF7008F3460 /* Base */ = {isa = PBXFileReference; lastKnownFileType = file.storyboard; name = Base; path = Base.lproj/Main.storyboard; sourceTree = "<group>"; };
		085BF99F2004FCF7008F3460 /* Assets.xcassets */ = {isa = PBXFileReference; lastKnownFileType = folder.assetcatalog; path = Assets.xcassets; sourceTree = "<group>"; };
		085BF9A22004FCF7008F3460 /* Base */ = {isa = PBXFileReference; lastKnownFileType = file.storyboard; name = Base; path = Base.lproj/LaunchScreen.storyboard; sourceTree = "<group>"; };
		085BF9A42004FCF7008F3460 /* Info.plist */ = {isa = PBXFileReference; lastKnownFileType = text.plist.xml; path = Info.plist; sourceTree = "<group>"; };
		085BF9A92004FCF7008F3460 /* GunARTests.xctest */ = {isa = PBXFileReference; explicitFileType = wrapper.cfbundle; includeInIndex = 0; path = GunARTests.xctest; sourceTree = BUILT_PRODUCTS_DIR; };
		085BF9AD2004FCF7008F3460 /* GunARTests.swift */ = {isa = PBXFileReference; lastKnownFileType = sourcecode.swift; path = GunARTests.swift; sourceTree = "<group>"; };
		085BF9AF2004FCF7008F3460 /* Info.plist */ = {isa = PBXFileReference; lastKnownFileType = text.plist.xml; path = Info.plist; sourceTree = "<group>"; };
		085BF9B820053A3F008F3460 /* StartingViewController.swift */ = {isa = PBXFileReference; lastKnownFileType = sourcecode.swift; path = StartingViewController.swift; sourceTree = "<group>"; };
		085BF9BC20086E33008F3460 /* PeripheralListViewController.swift */ = {isa = PBXFileReference; lastKnownFileType = sourcecode.swift; path = PeripheralListViewController.swift; sourceTree = "<group>"; };
		08DA5C5B20093D21008332F0 /* PeripheralTableViewCell.swift */ = {isa = PBXFileReference; lastKnownFileType = sourcecode.swift; path = PeripheralTableViewCell.swift; sourceTree = "<group>"; };
		08DA5C6E20102CF7008332F0 /* LBGradient.h */ = {isa = PBXFileReference; lastKnownFileType = sourcecode.c.h; path = LBGradient.h; sourceTree = "<group>"; };
		08DA5C6F20102CF7008332F0 /* ColorArt-Prefix.pch */ = {isa = PBXFileReference; lastKnownFileType = sourcecode.c.h; path = "ColorArt-Prefix.pch"; sourceTree = "<group>"; };
		08DA5C7120102CF7008332F0 /* en */ = {isa = PBXFileReference; lastKnownFileType = text.plist.strings; name = en; path = en.lproj/InfoPlist.strings; sourceTree = "<group>"; };
		08DA5C7320102CF7008332F0 /* en */ = {isa = PBXFileReference; lastKnownFileType = text.rtf; name = en; path = en.lproj/Credits.rtf; sourceTree = "<group>"; };
		08DA5C7520102CF7008332F0 /* en */ = {isa = PBXFileReference; lastKnownFileType = file.xib; name = en; path = en.lproj/MainMenu.xib; sourceTree = "<group>"; };
		08DA5C7620102CF7008332F0 /* CAViewController.xib */ = {isa = PBXFileReference; lastKnownFileType = file.xib; path = CAViewController.xib; sourceTree = "<group>"; };
		08DA5C7720102CF7008332F0 /* coffee.png */ = {isa = PBXFileReference; lastKnownFileType = image.png; path = coffee.png; sourceTree = "<group>"; };
		08DA5C7920102CF7008332F0 /* UIImage+Scale.h */ = {isa = PBXFileReference; lastKnownFileType = sourcecode.c.h; path = "UIImage+Scale.h"; sourceTree = "<group>"; };
		08DA5C7A20102CF7008332F0 /* UIImage+ColorArt.h */ = {isa = PBXFileReference; lastKnownFileType = sourcecode.c.h; path = "UIImage+ColorArt.h"; sourceTree = "<group>"; };
		08DA5C7B20102CF7008332F0 /* SLColorArt.h */ = {isa = PBXFileReference; lastKnownFileType = sourcecode.c.h; path = SLColorArt.h; sourceTree = "<group>"; };
		08DA5C7C20102CF7008332F0 /* UIImage+Scale.m */ = {isa = PBXFileReference; lastKnownFileType = sourcecode.c.objc; path = "UIImage+Scale.m"; sourceTree = "<group>"; };
		08DA5C7D20102CF7008332F0 /* UIImage+ColorArt.m */ = {isa = PBXFileReference; lastKnownFileType = sourcecode.c.objc; path = "UIImage+ColorArt.m"; sourceTree = "<group>"; };
		08DA5C7E20102CF7008332F0 /* SLColorArt.m */ = {isa = PBXFileReference; lastKnownFileType = sourcecode.c.objc; path = SLColorArt.m; sourceTree = "<group>"; };
		08DA5C7F20102CF7008332F0 /* Default@2x.png */ = {isa = PBXFileReference; lastKnownFileType = image.png; path = "Default@2x.png"; sourceTree = "<group>"; };
		08DA5C8020102CF7008332F0 /* CAViewController.m */ = {isa = PBXFileReference; lastKnownFileType = sourcecode.c.objc; path = CAViewController.m; sourceTree = "<group>"; };
		08DA5C8120102CF7008332F0 /* CAAppDelegate.h */ = {isa = PBXFileReference; lastKnownFileType = sourcecode.c.h; path = CAAppDelegate.h; sourceTree = "<group>"; };
		08DA5C8220102CF7008332F0 /* PCFadedImageView.m */ = {isa = PBXFileReference; lastKnownFileType = sourcecode.c.objc; path = PCFadedImageView.m; sourceTree = "<group>"; };
		08DA5C8320102CF7008332F0 /* Default-568h@2x.png */ = {isa = PBXFileReference; lastKnownFileType = image.png; path = "Default-568h@2x.png"; sourceTree = "<group>"; };
		08DA5C8420102CF7008332F0 /* LBGradient.m */ = {isa = PBXFileReference; lastKnownFileType = sourcecode.c.objc; path = LBGradient.m; sourceTree = "<group>"; };
		08DA5C8520102CF7008332F0 /* ColorArt-Info.plist */ = {isa = PBXFileReference; lastKnownFileType = text.plist.xml; path = "ColorArt-Info.plist"; sourceTree = "<group>"; };
		08DA5C8620102CF7008332F0 /* main.m */ = {isa = PBXFileReference; lastKnownFileType = sourcecode.c.objc; path = main.m; sourceTree = "<group>"; };
		08DA5C8720102CF7008332F0 /* DSC_0062.jpg */ = {isa = PBXFileReference; lastKnownFileType = image.jpeg; path = DSC_0062.jpg; sourceTree = "<group>"; };
		08DA5C8820102CF7008332F0 /* CAViewController.h */ = {isa = PBXFileReference; lastKnownFileType = sourcecode.c.h; path = CAViewController.h; sourceTree = "<group>"; };
		08DA5C8920102CF7008332F0 /* Default.png */ = {isa = PBXFileReference; lastKnownFileType = image.png; path = Default.png; sourceTree = "<group>"; };
		08DA5C8A20102CF7008332F0 /* PCFadedImageView.h */ = {isa = PBXFileReference; lastKnownFileType = sourcecode.c.h; path = PCFadedImageView.h; sourceTree = "<group>"; };
		08DA5C8B20102CF7008332F0 /* CAAppDelegate.m */ = {isa = PBXFileReference; lastKnownFileType = sourcecode.c.objc; path = CAAppDelegate.m; sourceTree = "<group>"; };
		08DA5C8C201034EF008332F0 /* UIImageColors.swift */ = {isa = PBXFileReference; lastKnownFileType = sourcecode.swift; path = UIImageColors.swift; sourceTree = "<group>"; };
		08DA5C9120105628008332F0 /* ColorsList.swift */ = {isa = PBXFileReference; lastKnownFileType = sourcecode.swift; path = ColorsList.swift; sourceTree = "<group>"; };
/* End PBXFileReference section */

/* Begin PBXFrameworksBuildPhase section */
		085BF9922004FCF7008F3460 /* Frameworks */ = {
			isa = PBXFrameworksBuildPhase;
			buildActionMask = 2147483647;
			files = (
			);
			runOnlyForDeploymentPostprocessing = 0;
		};
		085BF9A62004FCF7008F3460 /* Frameworks */ = {
			isa = PBXFrameworksBuildPhase;
			buildActionMask = 2147483647;
			files = (
			);
			runOnlyForDeploymentPostprocessing = 0;
		};
/* End PBXFrameworksBuildPhase section */

/* Begin PBXGroup section */
		085BF98C2004FCF7008F3460 = {
			isa = PBXGroup;
			children = (
				085BF9972004FCF7008F3460 /* GunAR */,
				085BF9AC2004FCF7008F3460 /* GunARTests */,
				085BF9962004FCF7008F3460 /* Products */,
			);
			sourceTree = "<group>";
		};
		085BF9962004FCF7008F3460 /* Products */ = {
			isa = PBXGroup;
			children = (
				085BF9952004FCF7008F3460 /* GunAR.app */,
				085BF9A92004FCF7008F3460 /* GunARTests.xctest */,
			);
			name = Products;
			sourceTree = "<group>";
		};
		085BF9972004FCF7008F3460 /* GunAR */ = {
			isa = PBXGroup;
			children = (
				081D9B8720126F6000639667 /* Target.swift */,
				081D9B8920126F6200639667 /* Bullet.swift */,
				081D9B7F2011B54000639667 /* Classes */,
				081D9B7A2011B3B600639667 /* SinglePlayer.swift */,
				08DA5C9120105628008332F0 /* ColorsList.swift */,
				08DA5C8C201034EF008332F0 /* UIImageColors.swift */,
				085BF9982004FCF7008F3460 /* AppDelegate.swift */,
				081D9B8520126E4B00639667 /* GameHelper.swift */,
				08DA5C5B20093D21008332F0 /* PeripheralTableViewCell.swift */,
				085BF9BC20086E33008F3460 /* PeripheralListViewController.swift */,
				085BF99A2004FCF7008F3460 /* CameraSceneViewController.swift */,
				085BF9B820053A3F008F3460 /* StartingViewController.swift */,
				085BF99C2004FCF7008F3460 /* Main.storyboard */,
				085BF99F2004FCF7008F3460 /* Assets.xcassets */,
				085BF9A12004FCF7008F3460 /* LaunchScreen.storyboard */,
				085BF9A42004FCF7008F3460 /* Info.plist */,
				08DA5C6D20102CF7008332F0 /* ColorArt */,
			);
			path = GunAR;
			sourceTree = "<group>";
		};
		085BF9AC2004FCF7008F3460 /* GunARTests */ = {
			isa = PBXGroup;
			children = (
				085BF9AD2004FCF7008F3460 /* GunARTests.swift */,
				085BF9AF2004FCF7008F3460 /* Info.plist */,
			);
			path = GunARTests;
			sourceTree = "<group>";
		};
		08DA5C6D20102CF7008332F0 /* ColorArt */ = {
			isa = PBXGroup;
			children = (
				08DA5C6E20102CF7008332F0 /* LBGradient.h */,
				08DA5C6F20102CF7008332F0 /* ColorArt-Prefix.pch */,
				08DA5C7020102CF7008332F0 /* InfoPlist.strings */,
				08DA5C7220102CF7008332F0 /* Credits.rtf */,
				08DA5C7420102CF7008332F0 /* MainMenu.xib */,
				08DA5C7620102CF7008332F0 /* CAViewController.xib */,
				08DA5C7720102CF7008332F0 /* coffee.png */,
				08DA5C7820102CF7008332F0 /* Classes */,
				08DA5C7F20102CF7008332F0 /* Default@2x.png */,
				08DA5C8020102CF7008332F0 /* CAViewController.m */,
				08DA5C8120102CF7008332F0 /* CAAppDelegate.h */,
				08DA5C8220102CF7008332F0 /* PCFadedImageView.m */,
				08DA5C8320102CF7008332F0 /* Default-568h@2x.png */,
				08DA5C8420102CF7008332F0 /* LBGradient.m */,
				08DA5C8520102CF7008332F0 /* ColorArt-Info.plist */,
				08DA5C8620102CF7008332F0 /* main.m */,
				08DA5C8720102CF7008332F0 /* DSC_0062.jpg */,
				08DA5C8820102CF7008332F0 /* CAViewController.h */,
				08DA5C8920102CF7008332F0 /* Default.png */,
				08DA5C8A20102CF7008332F0 /* PCFadedImageView.h */,
				08DA5C8B20102CF7008332F0 /* CAAppDelegate.m */,
			);
			path = ColorArt;
			sourceTree = "<group>";
		};
		08DA5C7820102CF7008332F0 /* Classes */ = {
			isa = PBXGroup;
			children = (
				08DA5C7920102CF7008332F0 /* UIImage+Scale.h */,
				08DA5C7A20102CF7008332F0 /* UIImage+ColorArt.h */,
				08DA5C7B20102CF7008332F0 /* SLColorArt.h */,
				08DA5C7C20102CF7008332F0 /* UIImage+Scale.m */,
				08DA5C7D20102CF7008332F0 /* UIImage+ColorArt.m */,
				08DA5C7E20102CF7008332F0 /* SLColorArt.m */,
			);
			path = Classes;
			sourceTree = "<group>";
		};
/* End PBXGroup section */

/* Begin PBXNativeTarget section */
		085BF9942004FCF7008F3460 /* GunAR */ = {
			isa = PBXNativeTarget;
			buildConfigurationList = 085BF9B22004FCF7008F3460 /* Build configuration list for PBXNativeTarget "GunAR" */;
			buildPhases = (
				085BF9912004FCF7008F3460 /* Sources */,
				085BF9922004FCF7008F3460 /* Frameworks */,
				085BF9932004FCF7008F3460 /* Resources */,
			);
			buildRules = (
			);
			dependencies = (
			);
			name = GunAR;
			productName = GunAR;
			productReference = 085BF9952004FCF7008F3460 /* GunAR.app */;
			productType = "com.apple.product-type.application";
		};
		085BF9A82004FCF7008F3460 /* GunARTests */ = {
			isa = PBXNativeTarget;
			buildConfigurationList = 085BF9B52004FCF7008F3460 /* Build configuration list for PBXNativeTarget "GunARTests" */;
			buildPhases = (
				085BF9A52004FCF7008F3460 /* Sources */,
				085BF9A62004FCF7008F3460 /* Frameworks */,
				085BF9A72004FCF7008F3460 /* Resources */,
			);
			buildRules = (
			);
			dependencies = (
				085BF9AB2004FCF7008F3460 /* PBXTargetDependency */,
			);
			name = GunARTests;
			productName = GunARTests;
			productReference = 085BF9A92004FCF7008F3460 /* GunARTests.xctest */;
			productType = "com.apple.product-type.bundle.unit-test";
		};
/* End PBXNativeTarget section */

/* Begin PBXProject section */
		085BF98D2004FCF7008F3460 /* Project object */ = {
			isa = PBXProject;
			attributes = {
				LastSwiftUpdateCheck = 0920;
				LastUpgradeCheck = 0920;
				ORGANIZATIONNAME = "Tanishq Kancharla";
				TargetAttributes = {
					085BF9942004FCF7008F3460 = {
						CreatedOnToolsVersion = 9.2;
						ProvisioningStyle = Automatic;
					};
					085BF9A82004FCF7008F3460 = {
						CreatedOnToolsVersion = 9.2;
						ProvisioningStyle = Automatic;
						TestTargetID = 085BF9942004FCF7008F3460;
					};
				};
			};
			buildConfigurationList = 085BF9902004FCF7008F3460 /* Build configuration list for PBXProject "GunAR" */;
			compatibilityVersion = "Xcode 8.0";
			developmentRegion = en;
			hasScannedForEncodings = 0;
			knownRegions = (
				en,
				Base,
			);
			mainGroup = 085BF98C2004FCF7008F3460;
			productRefGroup = 085BF9962004FCF7008F3460 /* Products */;
			projectDirPath = "";
			projectRoot = "";
			targets = (
				085BF9942004FCF7008F3460 /* GunAR */,
				085BF9A82004FCF7008F3460 /* GunARTests */,
			);
		};
/* End PBXProject section */

/* Begin PBXResourcesBuildPhase section */
		085BF9932004FCF7008F3460 /* Resources */ = {
			isa = PBXResourcesBuildPhase;
			buildActionMask = 2147483647;
			files = (
				085BF9A32004FCF7008F3460 /* LaunchScreen.storyboard in Resources */,
				081D9B802011B54000639667 /* Classes in Resources */,
				085BF9A02004FCF7008F3460 /* Assets.xcassets in Resources */,
				085BF99E2004FCF7008F3460 /* Main.storyboard in Resources */,
			);
			runOnlyForDeploymentPostprocessing = 0;
		};
		085BF9A72004FCF7008F3460 /* Resources */ = {
			isa = PBXResourcesBuildPhase;
			buildActionMask = 2147483647;
			files = (
			);
			runOnlyForDeploymentPostprocessing = 0;
		};
/* End PBXResourcesBuildPhase section */

/* Begin PBXSourcesBuildPhase section */
		085BF9912004FCF7008F3460 /* Sources */ = {
			isa = PBXSourcesBuildPhase;
			buildActionMask = 2147483647;
			files = (
				085BF99B2004FCF7008F3460 /* CameraSceneViewController.swift in Sources */,
				08DA5C9220105628008332F0 /* ColorsList.swift in Sources */,
				085BF9B920053A3F008F3460 /* StartingViewController.swift in Sources */,
				085BF9992004FCF7008F3460 /* AppDelegate.swift in Sources */,
				081D9B8820126F6000639667 /* Target.swift in Sources */,
				08DA5C8D201034EF008332F0 /* UIImageColors.swift in Sources */,
				081D9B8620126E4B00639667 /* GameHelper.swift in Sources */,
				08DA5C5C20093D21008332F0 /* PeripheralTableViewCell.swift in Sources */,
				081D9B7B2011B3B600639667 /* SinglePlayer.swift in Sources */,
				085BF9BD20086E33008F3460 /* PeripheralListViewController.swift in Sources */,
				081D9B8A20126F6200639667 /* Bullet.swift in Sources */,
			);
			runOnlyForDeploymentPostprocessing = 0;
		};
		085BF9A52004FCF7008F3460 /* Sources */ = {
			isa = PBXSourcesBuildPhase;
			buildActionMask = 2147483647;
			files = (
				085BF9AE2004FCF7008F3460 /* GunARTests.swift in Sources */,
			);
			runOnlyForDeploymentPostprocessing = 0;
		};
/* End PBXSourcesBuildPhase section */

/* Begin PBXTargetDependency section */
		085BF9AB2004FCF7008F3460 /* PBXTargetDependency */ = {
			isa = PBXTargetDependency;
			target = 085BF9942004FCF7008F3460 /* GunAR */;
			targetProxy = 085BF9AA2004FCF7008F3460 /* PBXContainerItemProxy */;
		};
/* End PBXTargetDependency section */

/* Begin PBXVariantGroup section */
		085BF99C2004FCF7008F3460 /* Main.storyboard */ = {
			isa = PBXVariantGroup;
			children = (
				085BF99D2004FCF7008F3460 /* Base */,
			);
			name = Main.storyboard;
			sourceTree = "<group>";
		};
		085BF9A12004FCF7008F3460 /* LaunchScreen.storyboard */ = {
			isa = PBXVariantGroup;
			children = (
				085BF9A22004FCF7008F3460 /* Base */,
			);
			name = LaunchScreen.storyboard;
			sourceTree = "<group>";
		};
		08DA5C7020102CF7008332F0 /* InfoPlist.strings */ = {
			isa = PBXVariantGroup;
			children = (
				08DA5C7120102CF7008332F0 /* en */,
			);
			name = InfoPlist.strings;
			sourceTree = "<group>";
		};
		08DA5C7220102CF7008332F0 /* Credits.rtf */ = {
			isa = PBXVariantGroup;
			children = (
				08DA5C7320102CF7008332F0 /* en */,
			);
			name = Credits.rtf;
			sourceTree = "<group>";
		};
		08DA5C7420102CF7008332F0 /* MainMenu.xib */ = {
			isa = PBXVariantGroup;
			children = (
				08DA5C7520102CF7008332F0 /* en */,
			);
			name = MainMenu.xib;
			sourceTree = "<group>";
		};
/* End PBXVariantGroup section */

/* Begin XCBuildConfiguration section */
		085BF9B02004FCF7008F3460 /* Debug */ = {
			isa = XCBuildConfiguration;
			buildSettings = {
				ALWAYS_SEARCH_USER_PATHS = NO;
				CLANG_ANALYZER_NONNULL = YES;
				CLANG_ANALYZER_NUMBER_OBJECT_CONVERSION = YES_AGGRESSIVE;
				CLANG_CXX_LANGUAGE_STANDARD = "gnu++14";
				CLANG_CXX_LIBRARY = "libc++";
				CLANG_ENABLE_MODULES = YES;
				CLANG_ENABLE_OBJC_ARC = YES;
				CLANG_WARN_BLOCK_CAPTURE_AUTORELEASING = YES;
				CLANG_WARN_BOOL_CONVERSION = YES;
				CLANG_WARN_COMMA = YES;
				CLANG_WARN_CONSTANT_CONVERSION = YES;
				CLANG_WARN_DIRECT_OBJC_ISA_USAGE = YES_ERROR;
				CLANG_WARN_DOCUMENTATION_COMMENTS = YES;
				CLANG_WARN_EMPTY_BODY = YES;
				CLANG_WARN_ENUM_CONVERSION = YES;
				CLANG_WARN_INFINITE_RECURSION = YES;
				CLANG_WARN_INT_CONVERSION = YES;
				CLANG_WARN_NON_LITERAL_NULL_CONVERSION = YES;
				CLANG_WARN_OBJC_LITERAL_CONVERSION = YES;
				CLANG_WARN_OBJC_ROOT_CLASS = YES_ERROR;
				CLANG_WARN_RANGE_LOOP_ANALYSIS = YES;
				CLANG_WARN_STRICT_PROTOTYPES = YES;
				CLANG_WARN_SUSPICIOUS_MOVE = YES;
				CLANG_WARN_UNGUARDED_AVAILABILITY = YES_AGGRESSIVE;
				CLANG_WARN_UNREACHABLE_CODE = YES;
				CLANG_WARN__DUPLICATE_METHOD_MATCH = YES;
				CODE_SIGN_IDENTITY = "iPhone Developer";
				COPY_PHASE_STRIP = NO;
				DEBUG_INFORMATION_FORMAT = dwarf;
				ENABLE_STRICT_OBJC_MSGSEND = YES;
				ENABLE_TESTABILITY = YES;
				GCC_C_LANGUAGE_STANDARD = gnu11;
				GCC_DYNAMIC_NO_PIC = NO;
				GCC_NO_COMMON_BLOCKS = YES;
				GCC_OPTIMIZATION_LEVEL = 0;
				GCC_PREPROCESSOR_DEFINITIONS = (
					"DEBUG=1",
					"$(inherited)",
				);
				GCC_WARN_64_TO_32_BIT_CONVERSION = YES;
				GCC_WARN_ABOUT_RETURN_TYPE = YES_ERROR;
				GCC_WARN_UNDECLARED_SELECTOR = YES;
				GCC_WARN_UNINITIALIZED_AUTOS = YES_AGGRESSIVE;
				GCC_WARN_UNUSED_FUNCTION = YES;
				GCC_WARN_UNUSED_VARIABLE = YES;
				IPHONEOS_DEPLOYMENT_TARGET = 11.2;
				MTL_ENABLE_DEBUG_INFO = YES;
				ONLY_ACTIVE_ARCH = YES;
				SDKROOT = iphoneos;
				SWIFT_ACTIVE_COMPILATION_CONDITIONS = DEBUG;
				SWIFT_OPTIMIZATION_LEVEL = "-Onone";
			};
			name = Debug;
		};
		085BF9B12004FCF7008F3460 /* Release */ = {
			isa = XCBuildConfiguration;
			buildSettings = {
				ALWAYS_SEARCH_USER_PATHS = NO;
				CLANG_ANALYZER_NONNULL = YES;
				CLANG_ANALYZER_NUMBER_OBJECT_CONVERSION = YES_AGGRESSIVE;
				CLANG_CXX_LANGUAGE_STANDARD = "gnu++14";
				CLANG_CXX_LIBRARY = "libc++";
				CLANG_ENABLE_MODULES = YES;
				CLANG_ENABLE_OBJC_ARC = YES;
				CLANG_WARN_BLOCK_CAPTURE_AUTORELEASING = YES;
				CLANG_WARN_BOOL_CONVERSION = YES;
				CLANG_WARN_COMMA = YES;
				CLANG_WARN_CONSTANT_CONVERSION = YES;
				CLANG_WARN_DIRECT_OBJC_ISA_USAGE = YES_ERROR;
				CLANG_WARN_DOCUMENTATION_COMMENTS = YES;
				CLANG_WARN_EMPTY_BODY = YES;
				CLANG_WARN_ENUM_CONVERSION = YES;
				CLANG_WARN_INFINITE_RECURSION = YES;
				CLANG_WARN_INT_CONVERSION = YES;
				CLANG_WARN_NON_LITERAL_NULL_CONVERSION = YES;
				CLANG_WARN_OBJC_LITERAL_CONVERSION = YES;
				CLANG_WARN_OBJC_ROOT_CLASS = YES_ERROR;
				CLANG_WARN_RANGE_LOOP_ANALYSIS = YES;
				CLANG_WARN_STRICT_PROTOTYPES = YES;
				CLANG_WARN_SUSPICIOUS_MOVE = YES;
				CLANG_WARN_UNGUARDED_AVAILABILITY = YES_AGGRESSIVE;
				CLANG_WARN_UNREACHABLE_CODE = YES;
				CLANG_WARN__DUPLICATE_METHOD_MATCH = YES;
				CODE_SIGN_IDENTITY = "iPhone Developer";
				COPY_PHASE_STRIP = NO;
				DEBUG_INFORMATION_FORMAT = "dwarf-with-dsym";
				ENABLE_NS_ASSERTIONS = NO;
				ENABLE_STRICT_OBJC_MSGSEND = YES;
				GCC_C_LANGUAGE_STANDARD = gnu11;
				GCC_NO_COMMON_BLOCKS = YES;
				GCC_WARN_64_TO_32_BIT_CONVERSION = YES;
				GCC_WARN_ABOUT_RETURN_TYPE = YES_ERROR;
				GCC_WARN_UNDECLARED_SELECTOR = YES;
				GCC_WARN_UNINITIALIZED_AUTOS = YES_AGGRESSIVE;
				GCC_WARN_UNUSED_FUNCTION = YES;
				GCC_WARN_UNUSED_VARIABLE = YES;
				IPHONEOS_DEPLOYMENT_TARGET = 11.2;
				MTL_ENABLE_DEBUG_INFO = NO;
				SDKROOT = iphoneos;
				SWIFT_OPTIMIZATION_LEVEL = "-Owholemodule";
				VALIDATE_PRODUCT = YES;
			};
			name = Release;
		};
		085BF9B32004FCF7008F3460 /* Debug */ = {
			isa = XCBuildConfiguration;
			buildSettings = {
				ASSETCATALOG_COMPILER_APPICON_NAME = AppIcon;
				CODE_SIGN_STYLE = Automatic;
				DEVELOPMENT_TEAM = S2ZR72G4R4;
				INFOPLIST_FILE = GunAR/Info.plist;
				LD_RUNPATH_SEARCH_PATHS = "$(inherited) @executable_path/Frameworks";
				PRODUCT_BUNDLE_IDENTIFIER = com.TK.GunAR;
				PRODUCT_NAME = "$(TARGET_NAME)";
				SWIFT_VERSION = 4.0;
				TARGETED_DEVICE_FAMILY = "1,2";
			};
			name = Debug;
		};
		085BF9B42004FCF7008F3460 /* Release */ = {
			isa = XCBuildConfiguration;
			buildSettings = {
				ASSETCATALOG_COMPILER_APPICON_NAME = AppIcon;
				CODE_SIGN_STYLE = Automatic;
				DEVELOPMENT_TEAM = S2ZR72G4R4;
				INFOPLIST_FILE = GunAR/Info.plist;
				LD_RUNPATH_SEARCH_PATHS = "$(inherited) @executable_path/Frameworks";
				PRODUCT_BUNDLE_IDENTIFIER = com.TK.GunAR;
				PRODUCT_NAME = "$(TARGET_NAME)";
				SWIFT_VERSION = 4.0;
				TARGETED_DEVICE_FAMILY = "1,2";
			};
			name = Release;
		};
		085BF9B62004FCF7008F3460 /* Debug */ = {
			isa = XCBuildConfiguration;
			buildSettings = {
				ALWAYS_EMBED_SWIFT_STANDARD_LIBRARIES = YES;
				BUNDLE_LOADER = "$(TEST_HOST)";
				CODE_SIGN_STYLE = Automatic;
				DEVELOPMENT_TEAM = S2ZR72G4R4;
				INFOPLIST_FILE = GunARTests/Info.plist;
				LD_RUNPATH_SEARCH_PATHS = "$(inherited) @executable_path/Frameworks @loader_path/Frameworks";
				PRODUCT_BUNDLE_IDENTIFIER = com.TK.GunARTests;
				PRODUCT_NAME = "$(TARGET_NAME)";
				SWIFT_VERSION = 4.0;
				TARGETED_DEVICE_FAMILY = "1,2";
				TEST_HOST = "$(BUILT_PRODUCTS_DIR)/GunAR.app/GunAR";
			};
			name = Debug;
		};
		085BF9B72004FCF7008F3460 /* Release */ = {
			isa = XCBuildConfiguration;
			buildSettings = {
				ALWAYS_EMBED_SWIFT_STANDARD_LIBRARIES = YES;
				BUNDLE_LOADER = "$(TEST_HOST)";
				CODE_SIGN_STYLE = Automatic;
				DEVELOPMENT_TEAM = S2ZR72G4R4;
				INFOPLIST_FILE = GunARTests/Info.plist;
				LD_RUNPATH_SEARCH_PATHS = "$(inherited) @executable_path/Frameworks @loader_path/Frameworks";
				PRODUCT_BUNDLE_IDENTIFIER = com.TK.GunARTests;
				PRODUCT_NAME = "$(TARGET_NAME)";
				SWIFT_VERSION = 4.0;
				TARGETED_DEVICE_FAMILY = "1,2";
				TEST_HOST = "$(BUILT_PRODUCTS_DIR)/GunAR.app/GunAR";
			};
			name = Release;
		};
/* End XCBuildConfiguration section */

/* Begin XCConfigurationList section */
		085BF9902004FCF7008F3460 /* Build configuration list for PBXProject "GunAR" */ = {
			isa = XCConfigurationList;
			buildConfigurations = (
				085BF9B02004FCF7008F3460 /* Debug */,
				085BF9B12004FCF7008F3460 /* Release */,
			);
			defaultConfigurationIsVisible = 0;
			defaultConfigurationName = Release;
		};
		085BF9B22004FCF7008F3460 /* Build configuration list for PBXNativeTarget "GunAR" */ = {
			isa = XCConfigurationList;
			buildConfigurations = (
				085BF9B32004FCF7008F3460 /* Debug */,
				085BF9B42004FCF7008F3460 /* Release */,
			);
			defaultConfigurationIsVisible = 0;
			defaultConfigurationName = Release;
		};
		085BF9B52004FCF7008F3460 /* Build configuration list for PBXNativeTarget "GunARTests" */ = {
			isa = XCConfigurationList;
			buildConfigurations = (
				085BF9B62004FCF7008F3460 /* Debug */,
				085BF9B72004FCF7008F3460 /* Release */,
			);
			defaultConfigurationIsVisible = 0;
			defaultConfigurationName = Release;
		};
/* End XCConfigurationList section */
	};
	rootObject = 085BF98D2004FCF7008F3460 /* Project object */;
}
